
Microsoft Visual Studio Solution File, Format Version 12.00
# Visual Studio 2012
Project("{FAE04EC0-301F-11D3-BF4B-00C04F79EFBC}") = "DataTableTypeChange", "DataTableTypeChange\DataTableTypeChange.csproj", "{921A9B80-A58E-4D0E-AA85-94A8EF782A12}"
EndProject
Global
	GlobalSection(SolutionConfigurationPlatforms) = preSolution
		Debug|Any CPU = Debug|Any CPU
		Release|Any CPU = Release|Any CPU
	EndGlobalSection
	GlobalSection(ProjectConfigurationPlatforms) = postSolution
		{921A9B80-A58E-4D0E-AA85-94A8EF782A12}.Debug|Any CPU.ActiveCfg = Debug|Any CPU
		{921A9B80-A58E-4D0E-AA85-94A8EF782A12}.Debug|Any CPU.Build.0 = Debug|Any CPU
		{921A9B80-A58E-4D0E-AA85-94A8EF782A12}.Release|Any CPU.ActiveCfg = Release|Any CPU
		{921A9B80-A58E-4D0E-AA85-94A8EF782A12}.Release|Any CPU.Build.0 = Release|Any CPU
	EndGlobalSection
	GlobalSection(SolutionProperties) = preSolution
		HideSolutionNode = FALSE
	EndGlobalSection
EndGlobal
